# This file is automatically @generated by Cargo.
# It is not intended for manual editing.
version = 3

[[package]]
name = "aho-corasick"
version = "0.7.18"
source = "registry+https://github.com/rust-lang/crates.io-index"
checksum = "1e37cfd5e7657ada45f742d6e99ca5788580b5c529dc78faf11ece6dc702656f"
dependencies = [
 "memchr",
]

[[package]]
name = "backtrace"
version = "0.3.9"
source = "registry+https://github.com/rust-lang/crates.io-index"
checksum = "89a47830402e9981c5c41223151efcced65a0510c13097c769cede7efb34782a"
dependencies = [
 "backtrace-sys",
 "cfg-if",
 "libc",
 "rustc-demangle",
 "winapi",
]

[[package]]
name = "backtrace-sys"
version = "0.1.24"
source = "registry+https://github.com/rust-lang/crates.io-index"
checksum = "c66d56ac8dabd07f6aacdaf633f4b8262f5b3601a810a0dcddffd5c22c69daa0"
dependencies = [
 "cc",
 "libc",
]

[[package]]
name = "byteorder"
version = "1.2.6"
source = "registry+https://github.com/rust-lang/crates.io-index"
checksum = "90492c5858dd7d2e78691cfb89f90d273a2800fc11d98f60786e5d87e2f83781"

[[package]]
name = "cc"
version = "1.0.25"
source = "registry+https://github.com/rust-lang/crates.io-index"
checksum = "f159dfd43363c4d08055a07703eb7a3406b0dac4d0584d96965a3262db3c9d16"

[[package]]
name = "cfg-if"
version = "0.1.5"
source = "registry+https://github.com/rust-lang/crates.io-index"
checksum = "0c4e7bb64a8ebb0d856483e1e682ea3422f883c5f5615a90d51a2c82fe87fdd3"

[[package]]
name = "error-chain"
version = "0.12.0"
source = "registry+https://github.com/rust-lang/crates.io-index"
checksum = "07e791d3be96241c77c43846b665ef1384606da2cd2a48730abe606a12906e02"
dependencies = [
 "backtrace",
]

[[package]]
name = "glob"
version = "0.3.0"
source = "registry+https://github.com/rust-lang/crates.io-index"
checksum = "9b919933a397b79c37e33b77bb2aa3dc8eb6e165ad809e58ff75bc7db2e34574"

[[package]]
name = "ipnetwork"
version = "0.18.0"
source = "registry+https://github.com/rust-lang/crates.io-index"
checksum = "4088d739b183546b239688ddbc79891831df421773df95e236daf7867866d355"
dependencies = [
 "serde",
]

[[package]]
name = "ipnetwork"
version = "0.19.0"
source = "registry+https://github.com/rust-lang/crates.io-index"
checksum = "1f84f1612606f3753f205a4e9a2efd6fe5b4c573a6269b2cc6c3003d44a0d127"
dependencies = [
 "serde",
]

[[package]]
name = "libc"
version = "0.2.126"
source = "registry+https://github.com/rust-lang/crates.io-index"
checksum = "349d5a591cd28b49e1d1037471617a32ddcda5731b99419008085f72d5a53836"

[[package]]
name = "log"
version = "0.4.5"
source = "registry+https://github.com/rust-lang/crates.io-index"
checksum = "d4fcce5fa49cc693c312001daf1d13411c4a5283796bac1084299ea3e567113f"
dependencies = [
 "cfg-if",
]

[[package]]
name = "memchr"
version = "2.5.0"
source = "registry+https://github.com/rust-lang/crates.io-index"
checksum = "2dffe52ecf27772e601905b7522cb4ef790d2cc203488bbd0e2fe85fcb74566d"

[[package]]
name = "netinfo"
version = "0.5.1"
dependencies = [
 "byteorder",
 "error-chain",
 "log",
 "pnet",
]

[[package]]
name = "no-std-net"
version = "0.6.0"
source = "registry+https://github.com/rust-lang/crates.io-index"
checksum = "43794a0ace135be66a25d3ae77d41b91615fb68ae937f904090203e81f755b65"

[[package]]
name = "pnet"
version = "0.30.0"
source = "registry+https://github.com/rust-lang/crates.io-index"
checksum = "d5cc57672f576f6b95370277fb445738d4887195c6cf4192bdf4f44697e2389b"
dependencies = [
 "ipnetwork 0.19.0",
 "pnet_base",
 "pnet_datalink",
 "pnet_packet",
 "pnet_sys",
 "pnet_transport",
]

[[package]]
name = "pnet_base"
version = "0.30.0"
source = "registry+https://github.com/rust-lang/crates.io-index"
checksum = "2e88341c6c842f89bdc7287f7b1e26b6fa64fa11c7ea3756971e6f18cd2510c4"
dependencies = [
 "no-std-net",
]

[[package]]
name = "pnet_datalink"
version = "0.30.0"
source = "registry+https://github.com/rust-lang/crates.io-index"
checksum = "bc6e55d71c51db73372db35bc54f43abd8460adff1c3a9b717804ca6416d5df2"
dependencies = [
 "ipnetwork 0.18.0",
 "libc",
 "pnet_base",
 "pnet_sys",
 "winapi",
]

[[package]]
name = "pnet_macros"
version = "0.30.0"
source = "registry+https://github.com/rust-lang/crates.io-index"
checksum = "ebfcdc9c072966723026b3596a1f655fb8bbfe0142f9770f8d481aee4459d6b9"
dependencies = [
 "proc-macro2",
 "quote",
 "regex",
 "syn",
]

[[package]]
name = "pnet_macros_support"
version = "0.30.0"
source = "registry+https://github.com/rust-lang/crates.io-index"
checksum = "bba532f5a4b320c029d89e612671fb621851b3b07e972c53850d34130033a5cd"
dependencies = [
 "pnet_base",
]

[[package]]
name = "pnet_packet"
version = "0.30.0"
source = "registry+https://github.com/rust-lang/crates.io-index"
checksum = "7009716ac86091c1b6e2cdec95a2b028c880f516054c1ec11edd02f9f463cbde"
dependencies = [
 "glob",
 "pnet_base",
 "pnet_macros",
 "pnet_macros_support",
]

[[package]]
name = "pnet_sys"
version = "0.30.0"
source = "registry+https://github.com/rust-lang/crates.io-index"
checksum = "8e2a05efbc55c22f664c0ea475fbc4ffc4d09346aff9068438279d7e3d431f6f"
dependencies = [
 "libc",
 "winapi",
]

[[package]]
name = "pnet_transport"
version = "0.30.0"
source = "registry+https://github.com/rust-lang/crates.io-index"
checksum = "75b8ff06f37863f7590183f7044ab2e8d4dae991ecea0c791e3c6dd61ed2913d"
dependencies = [
 "libc",
 "pnet_base",
 "pnet_packet",
 "pnet_sys",
]

[[package]]
name = "proc-macro2"
version = "1.0.39"
source = "registry+https://github.com/rust-lang/crates.io-index"
checksum = "c54b25569025b7fc9651de43004ae593a75ad88543b17178aa5e1b9c4f15f56f"
dependencies = [
 "unicode-ident",
]

[[package]]
name = "quote"
version = "1.0.18"
source = "registry+https://github.com/rust-lang/crates.io-index"
checksum = "a1feb54ed693b93a84e14094943b84b7c4eae204c512b7ccb95ab0c66d278ad1"
dependencies = [
 "proc-macro2",
]

[[package]]
name = "regex"
version = "1.5.6"
source = "registry+https://github.com/rust-lang/crates.io-index"
checksum = "d83f127d94bdbcda4c8cc2e50f6f84f4b611f69c902699ca385a39c3a75f9ff1"
dependencies = [
 "aho-corasick",
 "memchr",
 "regex-syntax",
]

[[package]]
name = "regex-syntax"
version = "0.6.26"
source = "registry+https://github.com/rust-lang/crates.io-index"
checksum = "49b3de9ec5dc0a3417da371aab17d729997c15010e7fd24ff707773a33bddb64"

[[package]]
name = "rustc-demangle"
version = "0.1.9"
source = "registry+https://github.com/rust-lang/crates.io-index"
checksum = "bcfe5b13211b4d78e5c2cadfebd7769197d95c639c35a50057eb4c05de811395"

[[package]]
name = "serde"
version = "1.0.137"
source = "registry+https://github.com/rust-lang/crates.io-index"
checksum = "61ea8d54c77f8315140a05f4c7237403bf38b72704d031543aa1d16abbf517d1"

[[package]]
name = "syn"
version = "1.0.95"
source = "registry+https://github.com/rust-lang/crates.io-index"
checksum = "fbaf6116ab8924f39d52792136fb74fd60a80194cf1b1c6ffa6453eef1c3f942"
dependencies = [
 "proc-macro2",
 "quote",
 "unicode-ident",
]

[[package]]
name = "unicode-ident"
version = "1.0.0"
source = "registry+https://github.com/rust-lang/crates.io-index"
checksum = "d22af068fba1eb5edcb4aea19d382b2a3deb4c8f9d475c589b6ada9e0fd493ee"

[[package]]
name = "winapi"
version = "0.3.9"
source = "registry+https://github.com/rust-lang/crates.io-index"
checksum = "5c839a674fcd7a98952e593242ea400abe93992746761e38641405d28b00f419"
dependencies = [
 "winapi-i686-pc-windows-gnu",
 "winapi-x86_64-pc-windows-gnu",
]

[[package]]
name = "winapi-i686-pc-windows-gnu"
version = "0.4.0"
source = "registry+https://github.com/rust-lang/crates.io-index"
checksum = "ac3b87c63620426dd9b991e5ce0329eff545bccbbb34f3be09ff6fb6ab51b7b6"

[[package]]
name = "winapi-x86_64-pc-windows-gnu"
version = "0.4.0"
source = "registry+https://github.com/rust-lang/crates.io-index"
checksum = "712e227841d057c1ee1cd2fb22fa7e5a5461ae8e48fa2ca79ec42cfc1931183f"
